
Microsoft Visual Studio Solution File, Format Version 12.00
# Visual Studio Version 16
Project("{8BC9CEB8-8B4A-11D0-8D11-00A0C91BC942}") = "ALL_BUILD", "ALL_BUILD.vcxproj", "{3E5489AC-4FC2-3116-A989-D9B66EEDCFD4}"
	ProjectSection(ProjectDependencies) = postProject
		{754B168A-EAC7-3D12-B7A0-0D2FB14357F3} = {754B168A-EAC7-3D12-B7A0-0D2FB14357F3}
		{9AFA7B9D-CBA3-3F1B-972B-9DF8269B0232} = {9AFA7B9D-CBA3-3F1B-972B-9DF8269B0232}
	EndProjectSection
EndProject
Project("{8BC9CEB8-8B4A-11D0-8D11-00A0C91BC942}") = "OSLab3", "OSLab3\OSLab3.vcxproj", "{754B168A-EAC7-3D12-B7A0-0D2FB14357F3}"
	ProjectSection(ProjectDependencies) = postProject
		{9AFA7B9D-CBA3-3F1B-972B-9DF8269B0232} = {9AFA7B9D-CBA3-3F1B-972B-9DF8269B0232}
	EndProjectSection
EndProject
Project("{8BC9CEB8-8B4A-11D0-8D11-00A0C91BC942}") = "ZERO_CHECK", "ZERO_CHECK.vcxproj", "{9AFA7B9D-CBA3-3F1B-972B-9DF8269B0232}"
	ProjectSection(ProjectDependencies) = postProject
	EndProjectSection
EndProject
Global
	GlobalSection(SolutionConfigurationPlatforms) = preSolution
		Debug|x64 = Debug|x64
		Release|x64 = Release|x64
		MinSizeRel|x64 = MinSizeRel|x64
		RelWithDebInfo|x64 = RelWithDebInfo|x64
	EndGlobalSection
	GlobalSection(ProjectConfigurationPlatforms) = postSolution
		{3E5489AC-4FC2-3116-A989-D9B66EEDCFD4}.Debug|x64.ActiveCfg = Debug|x64
		{3E5489AC-4FC2-3116-A989-D9B66EEDCFD4}.Release|x64.ActiveCfg = Release|x64
		{3E5489AC-4FC2-3116-A989-D9B66EEDCFD4}.MinSizeRel|x64.ActiveCfg = MinSizeRel|x64
		{3E5489AC-4FC2-3116-A989-D9B66EEDCFD4}.RelWithDebInfo|x64.ActiveCfg = RelWithDebInfo|x64
		{754B168A-EAC7-3D12-B7A0-0D2FB14357F3}.Debug|x64.ActiveCfg = Debug|x64
		{754B168A-EAC7-3D12-B7A0-0D2FB14357F3}.Debug|x64.Build.0 = Debug|x64
		{754B168A-EAC7-3D12-B7A0-0D2FB14357F3}.Release|x64.ActiveCfg = Release|x64
		{754B168A-EAC7-3D12-B7A0-0D2FB14357F3}.Release|x64.Build.0 = Release|x64
		{754B168A-EAC7-3D12-B7A0-0D2FB14357F3}.MinSizeRel|x64.ActiveCfg = MinSizeRel|x64
		{754B168A-EAC7-3D12-B7A0-0D2FB14357F3}.MinSizeRel|x64.Build.0 = MinSizeRel|x64
		{754B168A-EAC7-3D12-B7A0-0D2FB14357F3}.RelWithDebInfo|x64.ActiveCfg = RelWithDebInfo|x64
		{754B168A-EAC7-3D12-B7A0-0D2FB14357F3}.RelWithDebInfo|x64.Build.0 = RelWithDebInfo|x64
		{9AFA7B9D-CBA3-3F1B-972B-9DF8269B0232}.Debug|x64.ActiveCfg = Debug|x64
		{9AFA7B9D-CBA3-3F1B-972B-9DF8269B0232}.Debug|x64.Build.0 = Debug|x64
		{9AFA7B9D-CBA3-3F1B-972B-9DF8269B0232}.Release|x64.ActiveCfg = Release|x64
		{9AFA7B9D-CBA3-3F1B-972B-9DF8269B0232}.Release|x64.Build.0 = Release|x64
		{9AFA7B9D-CBA3-3F1B-972B-9DF8269B0232}.MinSizeRel|x64.ActiveCfg = MinSizeRel|x64
		{9AFA7B9D-CBA3-3F1B-972B-9DF8269B0232}.MinSizeRel|x64.Build.0 = MinSizeRel|x64
		{9AFA7B9D-CBA3-3F1B-972B-9DF8269B0232}.RelWithDebInfo|x64.ActiveCfg = RelWithDebInfo|x64
		{9AFA7B9D-CBA3-3F1B-972B-9DF8269B0232}.RelWithDebInfo|x64.Build.0 = RelWithDebInfo|x64
	EndGlobalSection
	GlobalSection(ExtensibilityGlobals) = postSolution
		SolutionGuid = {326B4BC4-E10A-313D-9708-7785E0681652}
	EndGlobalSection
	GlobalSection(ExtensibilityAddIns) = postSolution
	EndGlobalSection
EndGlobal
