<?xml version="1.0" encoding="utf-8"?>
<Project ToolsVersion="16.0" xmlns="http://schemas.microsoft.com/developer/msbuild/2003">
  <ItemGroup>
    <ClCompile Include="C:\proga\OS\OSLab3\OSLab3\OSLab3.cpp">
      <Filter>Source Files</Filter>
    </ClCompile>
  </ItemGroup>
  <ItemGroup>
    <ClInclude Include="C:\proga\OS\OSLab3\OSLab3\OSLab3.h">
      <Filter>Header Files</Filter>
    </ClInclude>
  </ItemGroup>
  <ItemGroup>
    <CustomBuild Include="C:\proga\OS\OSLab3\OSLab3\CMakeLists.txt" />
  </ItemGroup>
  <ItemGroup>
    <Filter Include="Header Files">
      <UniqueIdentifier>{9E6DA335-AACC-3A5B-9C4A-E01903560CEB}</UniqueIdentifier>
    </Filter>
    <Filter Include="Source Files">
      <UniqueIdentifier>{43F5A485-A051-3903-B0E3-6D39DA6EA739}</UniqueIdentifier>
    </Filter>
  </ItemGroup>
</Project>
